
Microsoft Visual Studio Solution File, Format Version 12.00
# Visual Studio Version 17
VisualStudioVersion = 17.8.34511.84
MinimumVisualStudioVersion = 10.0.40219.1
Project("{FAE04EC0-301F-11D3-BF4B-00C04F79EFBC}") = "Project_63133268", "Project_63133268\Project_63133268.csproj", "{771D9656-DA1C-45A2-8794-B77275B5F406}"
EndProject
Global
	GlobalSection(SolutionConfigurationPlatforms) = preSolution
		Debug|Any CPU = Debug|Any CPU
		Release|Any CPU = Release|Any CPU
	EndGlobalSection
	GlobalSection(ProjectConfigurationPlatforms) = postSolution
		{771D9656-DA1C-45A2-8794-B77275B5F406}.Debug|Any CPU.ActiveCfg = Debug|Any CPU
		{771D9656-DA1C-45A2-8794-B77275B5F406}.Debug|Any CPU.Build.0 = Debug|Any CPU
		{771D9656-DA1C-45A2-8794-B77275B5F406}.Release|Any CPU.ActiveCfg = Release|Any CPU
		{771D9656-DA1C-45A2-8794-B77275B5F406}.Release|Any CPU.Build.0 = Release|Any CPU
	EndGlobalSection
	GlobalSection(SolutionProperties) = preSolution
		HideSolutionNode = FALSE
	EndGlobalSection
	GlobalSection(ExtensibilityGlobals) = postSolution
		SolutionGuid = {899B2676-8089-4B81-8028-247580582EC1}
	EndGlobalSection
EndGlobal
